{
  "name": "KNN",
  "lockfileVersion": 3,
  "requires": true,
  "packages": {
    "": {
      "dependencies": {
        "ml-kernel": "^3.0.0",
        "ml-stat": "^1.3.3"
      }
    },
    "node_modules/is-any-array": {
      "version": "2.0.1",
      "resolved": "https://registry.npmjs.org/is-any-array/-/is-any-array-2.0.1.tgz",
      "integrity": "sha512-UtilS7hLRu++wb/WBAw9bNuP1Eg04Ivn1vERJck8zJthEvXCBEBpGR/33u/xLKWEQf95803oalHrVDptcAvFdQ=="
    },
    "node_modules/ml-array-max": {
      "version": "1.2.4",
      "resolved": "https://registry.npmjs.org/ml-array-max/-/ml-array-max-1.2.4.tgz",
      "integrity": "sha512-BlEeg80jI0tW6WaPyGxf5Sa4sqvcyY6lbSn5Vcv44lp1I2GR6AWojfUvLnGTNsIXrZ8uqWmo8VcG1WpkI2ONMQ==",
      "dependencies": {
        "is-any-array": "^2.0.0"
      }
    },
    "node_modules/ml-array-min": {
      "version": "1.2.3",
      "resolved": "https://registry.npmjs.org/ml-array-min/-/ml-array-min-1.2.3.tgz",
      "integrity": "sha512-VcZ5f3VZ1iihtrGvgfh/q0XlMobG6GQ8FsNyQXD3T+IlstDv85g8kfV0xUG1QPRO/t21aukaJowDzMTc7j5V6Q==",
      "dependencies": {
        "is-any-array": "^2.0.0"
      }
    },
    "node_modules/ml-array-rescale": {
      "version": "1.3.7",
      "resolved": "https://registry.npmjs.org/ml-array-rescale/-/ml-array-rescale-1.3.7.tgz",
      "integrity": "sha512-48NGChTouvEo9KBctDfHC3udWnQKNKEWN0ziELvY3KG25GR5cA8K8wNVzracsqSW1QEkAXjTNx+ycgAv06/1mQ==",
      "dependencies": {
        "is-any-array": "^2.0.0",
        "ml-array-max": "^1.2.4",
        "ml-array-min": "^1.2.3"
      }
    },
    "node_modules/ml-distance-euclidean": {
      "version": "2.0.0",
      "resolved": "https://registry.npmjs.org/ml-distance-euclidean/-/ml-distance-euclidean-2.0.0.tgz",
      "integrity": "sha512-yC9/2o8QF0A3m/0IXqCTXCzz2pNEzvmcE/9HFKOZGnTjatvBbsn4lWYJkxENkA4Ug2fnYl7PXQxnPi21sgMy/Q=="
    },
    "node_modules/ml-kernel": {
      "version": "3.0.0",
      "resolved": "https://registry.npmjs.org/ml-kernel/-/ml-kernel-3.0.0.tgz",
      "integrity": "sha512-R+ZR0Kl5xJ7vnxtlDqjZ26xVk7mAw7ctK4NlzRHviBFXxp7keC9+hWirMOdzi2DOQA0t6CaRwjElZ6SdirOmow==",
      "dependencies": {
        "ml-distance-euclidean": "^2.0.0",
        "ml-kernel-gaussian": "^2.0.2",
        "ml-kernel-polynomial": "^2.0.1",
        "ml-kernel-sigmoid": "^1.0.1",
        "ml-matrix": "^6.1.2"
      }
    },
    "node_modules/ml-kernel-gaussian": {
      "version": "2.0.2",
      "resolved": "https://registry.npmjs.org/ml-kernel-gaussian/-/ml-kernel-gaussian-2.0.2.tgz",
      "integrity": "sha512-5MBrH2g9MBO53I6mcyXvMhyOLsmO2w21+26A1ZV/vYoxqpsov2PWkT8bhdFCEe0kgDupmAb6u81iOID/rhnarA==",
      "dependencies": {
        "ml-distance-euclidean": "^2.0.0"
      }
    },
    "node_modules/ml-kernel-polynomial": {
      "version": "2.0.1",
      "resolved": "https://registry.npmjs.org/ml-kernel-polynomial/-/ml-kernel-polynomial-2.0.1.tgz",
      "integrity": "sha512-aGDNRPHDiKeJmBxB0L9wTxKNLfp5JytbdRIo5K+FTcmFjkWDe3YZPo6R6wBB5mxaJ5eqTRawzeV4RoIWHbakyQ=="
    },
    "node_modules/ml-kernel-sigmoid": {
      "version": "1.0.1",
      "resolved": "https://registry.npmjs.org/ml-kernel-sigmoid/-/ml-kernel-sigmoid-1.0.1.tgz",
      "integrity": "sha512-mSbYOSbNQ7GsUAGrHuUHNsLgM3bZGpXkotw/FBdKZD9YMXfVOgQb1LvvvVeSlOR/ZdmX23qqaV0RnKSYWBF8og=="
    },
    "node_modules/ml-matrix": {
      "version": "6.11.1",
      "resolved": "https://registry.npmjs.org/ml-matrix/-/ml-matrix-6.11.1.tgz",
      "integrity": "sha512-Fvp1xF1O07tt6Ux9NcnEQTei5UlqbRpvvaFZGs7l3Ij+nOaEDcmbSVtxwNa8V4IfdyFI1NLNUteroMJ1S6vcEg==",
      "dependencies": {
        "is-any-array": "^2.0.1",
        "ml-array-rescale": "^1.3.7"
      }
    },
    "node_modules/ml-stat": {
      "version": "1.3.3",
      "resolved": "https://registry.npmjs.org/ml-stat/-/ml-stat-1.3.3.tgz",
      "integrity": "sha512-F6plydFIKFZA+7j/pRsRrfRu4nwsruQvYD9QxHWc4hFUdASVznsKUL2hgAwgMVizY/P0+b1L9bVQexKES5y/uw=="
    }
  }
}
